{
  "name": "independent-master-architect",
  "version": "1.0.0",
  "lockfileVersion": 3,
  "requires": true,
  "packages": {
    "": {
      "name": "independent-master-architect",
      "version": "1.0.0",
      "dependencies": {
        "@openrouter/sdk": "latest",
        "dotenv": "latest"
      }
    },
    "node_modules/@openrouter/sdk": {
      "version": "0.12.24",
      "resolved": "https://registry.npmjs.org/@openrouter/sdk/-/sdk-0.12.24.tgz",
      "integrity": "sha512-pHybqvkWZUvg/uM99+ShHgDKg/iA3MU2MZdlZvoenmK/3cnG6jW1zROb+tyd6iEAZwcqb2+2QoahgLbJgo/9Sw==",
      "hasInstallScript": true,
      "license": "Apache-2.0",
      "dependencies": {
        "zod": "^3.25.0 || ^4.0.0"
      }
    },
    "node_modules/dotenv": {
      "version": "17.4.2",
      "resolved": "https://registry.npmjs.org/dotenv/-/dotenv-17.4.2.tgz",
      "integrity": "sha512-nI4U3TottKAcAD9LLud4Cb7b2QztQMUEfHbvhTH09bqXTxnSie8WnjPALV/WMCrJZ6UV/qHJ6L03OqO3LcdYZw==",
      "license": "BSD-2-Clause",
      "engines": {
        "node": ">=12"
      },
      "funding": {
        "url": "https://dotenvx.com"
      }
    },
    "node_modules/zod": {
      "version": "4.4.2",
      "resolved": "https://registry.npmjs.org/zod/-/zod-4.4.2.tgz",
      "integrity": "sha512-IynmDyxsEsb9RKzO3J9+4SxXnl2FTFSzNBaKKaMV6tsSk0rw9gYw9gs+JFCq/qk2LCZ78KDwyj+Z289TijSkUw==",
      "license": "MIT",
      "funding": {
        "url": "https://github.com/sponsors/colinhacks"
      }
    }
  }
}
